
Microsoft Visual Studio Solution File, Format Version 12.00
# Visual Studio 15
VisualStudioVersion = 15.0.28010.2050
MinimumVisualStudioVersion = 10.0.40219.1
Project("{FAE04EC0-301F-11D3-BF4B-00C04F79EFBC}") = "PersonelMVCUI", "PersonelMVCUI\PersonelMVCUI.csproj", "{78537A1C-AE0C-4ACE-8137-E08AB4FC2EE8}"
EndProject
Global
	GlobalSection(SolutionConfigurationPlatforms) = preSolution
		Debug|Any CPU = Debug|Any CPU
		Release|Any CPU = Release|Any CPU
	EndGlobalSection
	GlobalSection(ProjectConfigurationPlatforms) = postSolution
		{78537A1C-AE0C-4ACE-8137-E08AB4FC2EE8}.Debug|Any CPU.ActiveCfg = Debug|Any CPU
		{78537A1C-AE0C-4ACE-8137-E08AB4FC2EE8}.Debug|Any CPU.Build.0 = Debug|Any CPU
		{78537A1C-AE0C-4ACE-8137-E08AB4FC2EE8}.Release|Any CPU.ActiveCfg = Release|Any CPU
		{78537A1C-AE0C-4ACE-8137-E08AB4FC2EE8}.Release|Any CPU.Build.0 = Release|Any CPU
	EndGlobalSection
	GlobalSection(SolutionProperties) = preSolution
		HideSolutionNode = FALSE
	EndGlobalSection
	GlobalSection(ExtensibilityGlobals) = postSolution
		SolutionGuid = {22B6C812-8715-4AA1-8E91-74122AC4234F}
	EndGlobalSection
EndGlobal
